# This file is automatically @generated by Cargo.
# It is not intended for manual editing.
version = 3

[[package]]
name = "sparky_ast"
version = "0.1.0"

[[package]]
name = "sparky_diagnostic"
version = "0.1.0"

[[package]]
name = "sparky_parse"
version = "0.1.0"

[[package]]
name = "sparky_span"
version = "0.1.0"

[[package]]
name = "sparkyc"
version = "0.1.0"
